
Microsoft Visual Studio Solution File, Format Version 12.00
# Visual Studio Version 17
VisualStudioVersion = 17.1.32328.378
MinimumVisualStudioVersion = 10.0.40219.1
Project("{FAE04EC0-301F-11D3-BF4B-00C04F79EFBC}") = "Count Same Values In Dic", "Count Same Values In Dic\Count Same Values In Dic.csproj", "{FBD1E0BD-A4A1-4DC7-AC26-BB88E0110051}"
EndProject
Project("{FAE04EC0-301F-11D3-BF4B-00C04F79EFBC}") = "Average Student Grades", "Average Student Grades\Average Student Grades.csproj", "{3F6137F5-2872-4BA3-8AE7-54AB03DC3707}"
EndProject
Project("{FAE04EC0-301F-11D3-BF4B-00C04F79EFBC}") = "Largest 3 Numbers", "Largest 3 Numbers\Largest 3 Numbers.csproj", "{3532604E-E638-4C6B-9B34-A28B77CB376F}"
EndProject
Project("{FAE04EC0-301F-11D3-BF4B-00C04F79EFBC}") = "Product Shop", "Product Shop\Product Shop.csproj", "{BA800D03-742E-451E-97FF-9B95093CF419}"
EndProject
Project("{FAE04EC0-301F-11D3-BF4B-00C04F79EFBC}") = "Cities by Continent and Country", "Cities by Continent and Country\Cities by Continent and Country.csproj", "{5460D975-D45F-4FA3-952C-04412A28D951}"
EndProject
Project("{FAE04EC0-301F-11D3-BF4B-00C04F79EFBC}") = "Record Unique Names", "Record Unique Names\Record Unique Names.csproj", "{DE3A4A18-38A9-4335-AE78-73B41812EE1B}"
EndProject
Project("{FAE04EC0-301F-11D3-BF4B-00C04F79EFBC}") = "Parking Lot", "Parking Lot\Parking Lot.csproj", "{2D5C2EB6-9C29-4D0A-B23B-FBB8C10AF110}"
EndProject
Project("{FAE04EC0-301F-11D3-BF4B-00C04F79EFBC}") = "SoftUni Party", "SoftUni Party\SoftUni Party.csproj", "{6B9B5BBD-66A9-4AAA-9249-DD4D69318853}"
EndProject
Global
	GlobalSection(SolutionConfigurationPlatforms) = preSolution
		Debug|Any CPU = Debug|Any CPU
		Release|Any CPU = Release|Any CPU
	EndGlobalSection
	GlobalSection(ProjectConfigurationPlatforms) = postSolution
		{FBD1E0BD-A4A1-4DC7-AC26-BB88E0110051}.Debug|Any CPU.ActiveCfg = Debug|Any CPU
		{FBD1E0BD-A4A1-4DC7-AC26-BB88E0110051}.Debug|Any CPU.Build.0 = Debug|Any CPU
		{FBD1E0BD-A4A1-4DC7-AC26-BB88E0110051}.Release|Any CPU.ActiveCfg = Release|Any CPU
		{FBD1E0BD-A4A1-4DC7-AC26-BB88E0110051}.Release|Any CPU.Build.0 = Release|Any CPU
		{3F6137F5-2872-4BA3-8AE7-54AB03DC3707}.Debug|Any CPU.ActiveCfg = Debug|Any CPU
		{3F6137F5-2872-4BA3-8AE7-54AB03DC3707}.Debug|Any CPU.Build.0 = Debug|Any CPU
		{3F6137F5-2872-4BA3-8AE7-54AB03DC3707}.Release|Any CPU.ActiveCfg = Release|Any CPU
		{3F6137F5-2872-4BA3-8AE7-54AB03DC3707}.Release|Any CPU.Build.0 = Release|Any CPU
		{3532604E-E638-4C6B-9B34-A28B77CB376F}.Debug|Any CPU.ActiveCfg = Debug|Any CPU
		{3532604E-E638-4C6B-9B34-A28B77CB376F}.Debug|Any CPU.Build.0 = Debug|Any CPU
		{3532604E-E638-4C6B-9B34-A28B77CB376F}.Release|Any CPU.ActiveCfg = Release|Any CPU
		{3532604E-E638-4C6B-9B34-A28B77CB376F}.Release|Any CPU.Build.0 = Release|Any CPU
		{BA800D03-742E-451E-97FF-9B95093CF419}.Debug|Any CPU.ActiveCfg = Debug|Any CPU
		{BA800D03-742E-451E-97FF-9B95093CF419}.Debug|Any CPU.Build.0 = Debug|Any CPU
		{BA800D03-742E-451E-97FF-9B95093CF419}.Release|Any CPU.ActiveCfg = Release|Any CPU
		{BA800D03-742E-451E-97FF-9B95093CF419}.Release|Any CPU.Build.0 = Release|Any CPU
		{5460D975-D45F-4FA3-952C-04412A28D951}.Debug|Any CPU.ActiveCfg = Debug|Any CPU
		{5460D975-D45F-4FA3-952C-04412A28D951}.Debug|Any CPU.Build.0 = Debug|Any CPU
		{5460D975-D45F-4FA3-952C-04412A28D951}.Release|Any CPU.ActiveCfg = Release|Any CPU
		{5460D975-D45F-4FA3-952C-04412A28D951}.Release|Any CPU.Build.0 = Release|Any CPU
		{DE3A4A18-38A9-4335-AE78-73B41812EE1B}.Debug|Any CPU.ActiveCfg = Debug|Any CPU
		{DE3A4A18-38A9-4335-AE78-73B41812EE1B}.Debug|Any CPU.Build.0 = Debug|Any CPU
		{DE3A4A18-38A9-4335-AE78-73B41812EE1B}.Release|Any CPU.ActiveCfg = Release|Any CPU
		{DE3A4A18-38A9-4335-AE78-73B41812EE1B}.Release|Any CPU.Build.0 = Release|Any CPU
		{2D5C2EB6-9C29-4D0A-B23B-FBB8C10AF110}.Debug|Any CPU.ActiveCfg = Debug|Any CPU
		{2D5C2EB6-9C29-4D0A-B23B-FBB8C10AF110}.Debug|Any CPU.Build.0 = Debug|Any CPU
		{2D5C2EB6-9C29-4D0A-B23B-FBB8C10AF110}.Release|Any CPU.ActiveCfg = Release|Any CPU
		{2D5C2EB6-9C29-4D0A-B23B-FBB8C10AF110}.Release|Any CPU.Build.0 = Release|Any CPU
		{6B9B5BBD-66A9-4AAA-9249-DD4D69318853}.Debug|Any CPU.ActiveCfg = Debug|Any CPU
		{6B9B5BBD-66A9-4AAA-9249-DD4D69318853}.Debug|Any CPU.Build.0 = Debug|Any CPU
		{6B9B5BBD-66A9-4AAA-9249-DD4D69318853}.Release|Any CPU.ActiveCfg = Release|Any CPU
		{6B9B5BBD-66A9-4AAA-9249-DD4D69318853}.Release|Any CPU.Build.0 = Release|Any CPU
	EndGlobalSection
	GlobalSection(SolutionProperties) = preSolution
		HideSolutionNode = FALSE
	EndGlobalSection
	GlobalSection(ExtensibilityGlobals) = postSolution
		SolutionGuid = {E4E3412F-05F4-4623-AA27-6D1476C8BD10}
	EndGlobalSection
EndGlobal
