
Microsoft Visual Studio Solution File, Format Version 12.00
# Visual Studio Version 17
VisualStudioVersion = 17.1.32328.378
MinimumVisualStudioVersion = 10.0.40219.1
Project("{FAE04EC0-301F-11D3-BF4B-00C04F79EFBC}") = "Functional Programming", "Functional Programming\Functional Programming.csproj", "{0BCC266A-9724-40B9-BAEE-8085E0DAECFD}"
EndProject
Project("{FAE04EC0-301F-11D3-BF4B-00C04F79EFBC}") = "Sum Numbers", "Sum Numbers\Sum Numbers.csproj", "{947A9CB2-875B-4D23-AE56-6222DAACA2EE}"
EndProject
Project("{FAE04EC0-301F-11D3-BF4B-00C04F79EFBC}") = "Count Uppercase Words", "Count Uppercase Words\Count Uppercase Words.csproj", "{0A89F00A-62DB-4778-B0CB-49621C8462EB}"
EndProject
Project("{FAE04EC0-301F-11D3-BF4B-00C04F79EFBC}") = "Add VAT", "Add VAT\Add VAT.csproj", "{2DEC9FF2-0FFF-4348-8C64-A2471FD522FF}"
EndProject
Project("{FAE04EC0-301F-11D3-BF4B-00C04F79EFBC}") = "Filter by Age", "Filter by Age\Filter by Age.csproj", "{6651C78A-CE3C-40A0-9299-9EC88C4E0A61}"
EndProject
Global
	GlobalSection(SolutionConfigurationPlatforms) = preSolution
		Debug|Any CPU = Debug|Any CPU
		Release|Any CPU = Release|Any CPU
	EndGlobalSection
	GlobalSection(ProjectConfigurationPlatforms) = postSolution
		{0BCC266A-9724-40B9-BAEE-8085E0DAECFD}.Debug|Any CPU.ActiveCfg = Debug|Any CPU
		{0BCC266A-9724-40B9-BAEE-8085E0DAECFD}.Debug|Any CPU.Build.0 = Debug|Any CPU
		{0BCC266A-9724-40B9-BAEE-8085E0DAECFD}.Release|Any CPU.ActiveCfg = Release|Any CPU
		{0BCC266A-9724-40B9-BAEE-8085E0DAECFD}.Release|Any CPU.Build.0 = Release|Any CPU
		{947A9CB2-875B-4D23-AE56-6222DAACA2EE}.Debug|Any CPU.ActiveCfg = Debug|Any CPU
		{947A9CB2-875B-4D23-AE56-6222DAACA2EE}.Debug|Any CPU.Build.0 = Debug|Any CPU
		{947A9CB2-875B-4D23-AE56-6222DAACA2EE}.Release|Any CPU.ActiveCfg = Release|Any CPU
		{947A9CB2-875B-4D23-AE56-6222DAACA2EE}.Release|Any CPU.Build.0 = Release|Any CPU
		{0A89F00A-62DB-4778-B0CB-49621C8462EB}.Debug|Any CPU.ActiveCfg = Debug|Any CPU
		{0A89F00A-62DB-4778-B0CB-49621C8462EB}.Debug|Any CPU.Build.0 = Debug|Any CPU
		{0A89F00A-62DB-4778-B0CB-49621C8462EB}.Release|Any CPU.ActiveCfg = Release|Any CPU
		{0A89F00A-62DB-4778-B0CB-49621C8462EB}.Release|Any CPU.Build.0 = Release|Any CPU
		{2DEC9FF2-0FFF-4348-8C64-A2471FD522FF}.Debug|Any CPU.ActiveCfg = Debug|Any CPU
		{2DEC9FF2-0FFF-4348-8C64-A2471FD522FF}.Debug|Any CPU.Build.0 = Debug|Any CPU
		{2DEC9FF2-0FFF-4348-8C64-A2471FD522FF}.Release|Any CPU.ActiveCfg = Release|Any CPU
		{2DEC9FF2-0FFF-4348-8C64-A2471FD522FF}.Release|Any CPU.Build.0 = Release|Any CPU
		{6651C78A-CE3C-40A0-9299-9EC88C4E0A61}.Debug|Any CPU.ActiveCfg = Debug|Any CPU
		{6651C78A-CE3C-40A0-9299-9EC88C4E0A61}.Debug|Any CPU.Build.0 = Debug|Any CPU
		{6651C78A-CE3C-40A0-9299-9EC88C4E0A61}.Release|Any CPU.ActiveCfg = Release|Any CPU
		{6651C78A-CE3C-40A0-9299-9EC88C4E0A61}.Release|Any CPU.Build.0 = Release|Any CPU
	EndGlobalSection
	GlobalSection(SolutionProperties) = preSolution
		HideSolutionNode = FALSE
	EndGlobalSection
	GlobalSection(ExtensibilityGlobals) = postSolution
		SolutionGuid = {A483DD94-DA63-4BE4-8312-F0933538224E}
	EndGlobalSection
EndGlobal
