
Microsoft Visual Studio Solution File, Format Version 12.00
# Visual Studio Version 17
VisualStudioVersion = 17.1.32328.378
MinimumVisualStudioVersion = 10.0.40219.1
Project("{FAE04EC0-301F-11D3-BF4B-00C04F79EFBC}") = "Streams And Dir", "Streams And Dir\Streams And Dir.csproj", "{A7C5C0C3-7AD7-4AB4-8938-D2E729EC2F1F}"
EndProject
Project("{FAE04EC0-301F-11D3-BF4B-00C04F79EFBC}") = "Line Numbers", "Line Numbers\Line Numbers.csproj", "{603A0C6C-4777-45A9-9FBA-9DDE18903FAC}"
EndProject
Project("{FAE04EC0-301F-11D3-BF4B-00C04F79EFBC}") = "Word Count", "Word Count\Word Count.csproj", "{877420E0-8C95-4827-B4F4-65A57648E2F6}"
EndProject
Global
	GlobalSection(SolutionConfigurationPlatforms) = preSolution
		Debug|Any CPU = Debug|Any CPU
		Release|Any CPU = Release|Any CPU
	EndGlobalSection
	GlobalSection(ProjectConfigurationPlatforms) = postSolution
		{A7C5C0C3-7AD7-4AB4-8938-D2E729EC2F1F}.Debug|Any CPU.ActiveCfg = Debug|Any CPU
		{A7C5C0C3-7AD7-4AB4-8938-D2E729EC2F1F}.Debug|Any CPU.Build.0 = Debug|Any CPU
		{A7C5C0C3-7AD7-4AB4-8938-D2E729EC2F1F}.Release|Any CPU.ActiveCfg = Release|Any CPU
		{A7C5C0C3-7AD7-4AB4-8938-D2E729EC2F1F}.Release|Any CPU.Build.0 = Release|Any CPU
		{603A0C6C-4777-45A9-9FBA-9DDE18903FAC}.Debug|Any CPU.ActiveCfg = Debug|Any CPU
		{603A0C6C-4777-45A9-9FBA-9DDE18903FAC}.Debug|Any CPU.Build.0 = Debug|Any CPU
		{603A0C6C-4777-45A9-9FBA-9DDE18903FAC}.Release|Any CPU.ActiveCfg = Release|Any CPU
		{603A0C6C-4777-45A9-9FBA-9DDE18903FAC}.Release|Any CPU.Build.0 = Release|Any CPU
		{877420E0-8C95-4827-B4F4-65A57648E2F6}.Debug|Any CPU.ActiveCfg = Debug|Any CPU
		{877420E0-8C95-4827-B4F4-65A57648E2F6}.Debug|Any CPU.Build.0 = Debug|Any CPU
		{877420E0-8C95-4827-B4F4-65A57648E2F6}.Release|Any CPU.ActiveCfg = Release|Any CPU
		{877420E0-8C95-4827-B4F4-65A57648E2F6}.Release|Any CPU.Build.0 = Release|Any CPU
	EndGlobalSection
	GlobalSection(SolutionProperties) = preSolution
		HideSolutionNode = FALSE
	EndGlobalSection
	GlobalSection(ExtensibilityGlobals) = postSolution
		SolutionGuid = {ABDD54D6-9C44-418C-B914-4755AF0D7BCF}
	EndGlobalSection
EndGlobal
